// !$*UTF8*$!
{
	archiveVersion = 1;
	classes = {
	};
	objectVersion = 55;
	objects = {

/* Begin PBXBuildFile section */
		305BF49D277DD70700F8B91E /* CollectionsViewModel.swift in Sources */ = {isa = PBXBuildFile; fileRef = 305BF49C277DD70600F8B91E /* CollectionsViewModel.swift */; };
		305BF49F277DD75A00F8B91E /* CollectionViewModel.swift in Sources */ = {isa = PBXBuildFile; fileRef = 305BF49E277DD75A00F8B91E /* CollectionViewModel.swift */; };
		309C9C60277DAF9600BBAC88 /* TrueDatabaseApp.swift in Sources */ = {isa = PBXBuildFile; fileRef = 309C9C5F277DAF9600BBAC88 /* TrueDatabaseApp.swift */; };
		309C9C62277DAF9600BBAC88 /* ContentView.swift in Sources */ = {isa = PBXBuildFile; fileRef = 309C9C61277DAF9600BBAC88 /* ContentView.swift */; };
		309C9C64277DAF9900BBAC88 /* Assets.xcassets in Resources */ = {isa = PBXBuildFile; fileRef = 309C9C63277DAF9900BBAC88 /* Assets.xcassets */; };
		309C9C67277DAF9900BBAC88 /* Preview Assets.xcassets in Resources */ = {isa = PBXBuildFile; fileRef = 309C9C66277DAF9900BBAC88 /* Preview Assets.xcassets */; };
		309C9C6E277DB3B500BBAC88 /* GoogleService-Info.plist in Resources */ = {isa = PBXBuildFile; fileRef = 309C9C6D277DB3B400BBAC88 /* GoogleService-Info.plist */; };
		309C9C71277DB43F00BBAC88 /* FirebaseAuth in Frameworks */ = {isa = PBXBuildFile; productRef = 309C9C70277DB43F00BBAC88 /* FirebaseAuth */; };
		309C9C73277DB43F00BBAC88 /* FirebaseFirestore in Frameworks */ = {isa = PBXBuildFile; productRef = 309C9C72277DB43F00BBAC88 /* FirebaseFirestore */; };
		309C9C75277DB43F00BBAC88 /* FirebaseFirestoreSwift-Beta in Frameworks */ = {isa = PBXBuildFile; productRef = 309C9C74277DB43F00BBAC88 /* FirebaseFirestoreSwift-Beta */; };
		309C9C77277DB43F00BBAC88 /* FirebaseFunctions in Frameworks */ = {isa = PBXBuildFile; productRef = 309C9C76277DB43F00BBAC88 /* FirebaseFunctions */; };
		309C9C79277DB43F00BBAC88 /* FirebaseStorage in Frameworks */ = {isa = PBXBuildFile; productRef = 309C9C78277DB43F00BBAC88 /* FirebaseStorage */; };
		309C9C7B277DB4F400BBAC88 /* Book.swift in Sources */ = {isa = PBXBuildFile; fileRef = 309C9C7A277DB4F400BBAC88 /* Book.swift */; };
		309C9C7D277DB5C200BBAC88 /* BookListView.swift in Sources */ = {isa = PBXBuildFile; fileRef = 309C9C7C277DB5C100BBAC88 /* BookListView.swift */; };
		309C9C7F277DB5D600BBAC88 /* BooksViewModel.swift in Sources */ = {isa = PBXBuildFile; fileRef = 309C9C7E277DB5D600BBAC88 /* BooksViewModel.swift */; };
		309C9C81277DB63800BBAC88 /* BookViewModel.swift in Sources */ = {isa = PBXBuildFile; fileRef = 309C9C80277DB63800BBAC88 /* BookViewModel.swift */; };
		309C9C83277DB6C600BBAC88 /* BookEditView.swift in Sources */ = {isa = PBXBuildFile; fileRef = 309C9C82277DB6C600BBAC88 /* BookEditView.swift */; };
		309C9C8A277DBB4B00BBAC88 /* ImagePicker.swift in Sources */ = {isa = PBXBuildFile; fileRef = 309C9C89277DBB4B00BBAC88 /* ImagePicker.swift */; };
		309C9C97277DCCFC00BBAC88 /* Collection.swift in Sources */ = {isa = PBXBuildFile; fileRef = 309C9C96277DCCFB00BBAC88 /* Collection.swift */; };
		309C9CA4277DCE2400BBAC88 /* Kingfisher in Frameworks */ = {isa = PBXBuildFile; productRef = 309C9CA3277DCE2300BBAC88 /* Kingfisher */; };
		309C9CA6277DD38D00BBAC88 /* CollectionListView.swift in Sources */ = {isa = PBXBuildFile; fileRef = 309C9CA5277DD38D00BBAC88 /* CollectionListView.swift */; };
		309C9CA9277DD3CB00BBAC88 /* CollectionEditView.swift in Sources */ = {isa = PBXBuildFile; fileRef = 309C9CA8277DD3CB00BBAC88 /* CollectionEditView.swift */; };
		30FD172B277DE47400EA2734 /* CollectionListCell.swift in Sources */ = {isa = PBXBuildFile; fileRef = 30FD172A277DE47400EA2734 /* CollectionListCell.swift */; };
		30FD172D277DE52400EA2734 /* CollectionUpdateView.swift in Sources */ = {isa = PBXBuildFile; fileRef = 30FD172C277DE52400EA2734 /* CollectionUpdateView.swift */; };
		30FD172F277DE5D400EA2734 /* CustomTextField.swift in Sources */ = {isa = PBXBuildFile; fileRef = 30FD172E277DE5D300EA2734 /* CustomTextField.swift */; };
		30FD1734277DEFEF00EA2734 /* Identifiable_UIImage.swift in Sources */ = {isa = PBXBuildFile; fileRef = 30FD1731277DEFEF00EA2734 /* Identifiable_UIImage.swift */; };
		30FD1735277DEFEF00EA2734 /* MultipleImagePicker.swift in Sources */ = {isa = PBXBuildFile; fileRef = 30FD1732277DEFEF00EA2734 /* MultipleImagePicker.swift */; };
		30FD1736277DEFEF00EA2734 /* CustomMultiImagePickerWindow.swift in Sources */ = {isa = PBXBuildFile; fileRef = 30FD1733277DEFEF00EA2734 /* CustomMultiImagePickerWindow.swift */; };
/* End PBXBuildFile section */

/* Begin PBXFileReference section */
		305BF49C277DD70600F8B91E /* CollectionsViewModel.swift */ = {isa = PBXFileReference; lastKnownFileType = sourcecode.swift; path = CollectionsViewModel.swift; sourceTree = "<group>"; };
		305BF49E277DD75A00F8B91E /* CollectionViewModel.swift */ = {isa = PBXFileReference; lastKnownFileType = sourcecode.swift; path = CollectionViewModel.swift; sourceTree = "<group>"; };
		309C9C5C277DAF9600BBAC88 /* TrueDatabase.app */ = {isa = PBXFileReference; explicitFileType = wrapper.application; includeInIndex = 0; path = TrueDatabase.app; sourceTree = BUILT_PRODUCTS_DIR; };
		309C9C5F277DAF9600BBAC88 /* TrueDatabaseApp.swift */ = {isa = PBXFileReference; lastKnownFileType = sourcecode.swift; path = TrueDatabaseApp.swift; sourceTree = "<group>"; };
		309C9C61277DAF9600BBAC88 /* ContentView.swift */ = {isa = PBXFileReference; lastKnownFileType = sourcecode.swift; path = ContentView.swift; sourceTree = "<group>"; };
		309C9C63277DAF9900BBAC88 /* Assets.xcassets */ = {isa = PBXFileReference; lastKnownFileType = folder.assetcatalog; path = Assets.xcassets; sourceTree = "<group>"; };
		309C9C66277DAF9900BBAC88 /* Preview Assets.xcassets */ = {isa = PBXFileReference; lastKnownFileType = folder.assetcatalog; path = "Preview Assets.xcassets"; sourceTree = "<group>"; };
		309C9C6D277DB3B400BBAC88 /* GoogleService-Info.plist */ = {isa = PBXFileReference; fileEncoding = 4; lastKnownFileType = text.plist.xml; path = "GoogleService-Info.plist"; sourceTree = "<group>"; };
		309C9C7A277DB4F400BBAC88 /* Book.swift */ = {isa = PBXFileReference; lastKnownFileType = sourcecode.swift; path = Book.swift; sourceTree = "<group>"; };
		309C9C7C277DB5C100BBAC88 /* BookListView.swift */ = {isa = PBXFileReference; lastKnownFileType = sourcecode.swift; path = BookListView.swift; sourceTree = "<group>"; };
		309C9C7E277DB5D600BBAC88 /* BooksViewModel.swift */ = {isa = PBXFileReference; lastKnownFileType = sourcecode.swift; path = BooksViewModel.swift; sourceTree = "<group>"; };
		309C9C80277DB63800BBAC88 /* BookViewModel.swift */ = {isa = PBXFileReference; lastKnownFileType = sourcecode.swift; path = BookViewModel.swift; sourceTree = "<group>"; };
		309C9C82277DB6C600BBAC88 /* BookEditView.swift */ = {isa = PBXFileReference; lastKnownFileType = sourcecode.swift; path = BookEditView.swift; sourceTree = "<group>"; };
		309C9C89277DBB4B00BBAC88 /* ImagePicker.swift */ = {isa = PBXFileReference; lastKnownFileType = sourcecode.swift; path = ImagePicker.swift; sourceTree = "<group>"; };
		309C9C96277DCCFB00BBAC88 /* Collection.swift */ = {isa = PBXFileReference; fileEncoding = 4; lastKnownFileType = sourcecode.swift; path = Collection.swift; sourceTree = "<group>"; };
		309C9CA5277DD38D00BBAC88 /* CollectionListView.swift */ = {isa = PBXFileReference; lastKnownFileType = sourcecode.swift; path = CollectionListView.swift; sourceTree = "<group>"; };
		309C9CA8277DD3CB00BBAC88 /* CollectionEditView.swift */ = {isa = PBXFileReference; lastKnownFileType = sourcecode.swift; path = CollectionEditView.swift; sourceTree = "<group>"; };
		30FD172A277DE47400EA2734 /* CollectionListCell.swift */ = {isa = PBXFileReference; lastKnownFileType = sourcecode.swift; path = CollectionListCell.swift; sourceTree = "<group>"; };
		30FD172C277DE52400EA2734 /* CollectionUpdateView.swift */ = {isa = PBXFileReference; lastKnownFileType = sourcecode.swift; path = CollectionUpdateView.swift; sourceTree = "<group>"; };
		30FD172E277DE5D300EA2734 /* CustomTextField.swift */ = {isa = PBXFileReference; fileEncoding = 4; lastKnownFileType = sourcecode.swift; path = CustomTextField.swift; sourceTree = "<group>"; };
		30FD1731277DEFEF00EA2734 /* Identifiable_UIImage.swift */ = {isa = PBXFileReference; fileEncoding = 4; lastKnownFileType = sourcecode.swift; path = Identifiable_UIImage.swift; sourceTree = "<group>"; };
		30FD1732277DEFEF00EA2734 /* MultipleImagePicker.swift */ = {isa = PBXFileReference; fileEncoding = 4; lastKnownFileType = sourcecode.swift; path = MultipleImagePicker.swift; sourceTree = "<group>"; };
		30FD1733277DEFEF00EA2734 /* CustomMultiImagePickerWindow.swift */ = {isa = PBXFileReference; fileEncoding = 4; lastKnownFileType = sourcecode.swift; path = CustomMultiImagePickerWindow.swift; sourceTree = "<group>"; };
/* End PBXFileReference section */

/* Begin PBXFrameworksBuildPhase section */
		309C9C59277DAF9600BBAC88 /* Frameworks */ = {
			isa = PBXFrameworksBuildPhase;
			buildActionMask = 2147483647;
			files = (
				309C9CA4277DCE2400BBAC88 /* Kingfisher in Frameworks */,
				309C9C75277DB43F00BBAC88 /* FirebaseFirestoreSwift-Beta in Frameworks */,
				309C9C71277DB43F00BBAC88 /* FirebaseAuth in Frameworks */,
				309C9C73277DB43F00BBAC88 /* FirebaseFirestore in Frameworks */,
				309C9C79277DB43F00BBAC88 /* FirebaseStorage in Frameworks */,
				309C9C77277DB43F00BBAC88 /* FirebaseFunctions in Frameworks */,
			);
			runOnlyForDeploymentPostprocessing = 0;
		};
/* End PBXFrameworksBuildPhase section */

/* Begin PBXGroup section */
		305BF49B277DD6EA00F8B91E /* Collection */ = {
			isa = PBXGroup;
			children = (
				305BF49C277DD70600F8B91E /* CollectionsViewModel.swift */,
				305BF49E277DD75A00F8B91E /* CollectionViewModel.swift */,
			);
			path = Collection;
			sourceTree = "<group>";
		};
		309C9C53277DAF9600BBAC88 = {
			isa = PBXGroup;
			children = (
				309C9C5E277DAF9600BBAC88 /* TrueDatabase */,
				309C9C5D277DAF9600BBAC88 /* Products */,
			);
			sourceTree = "<group>";
		};
		309C9C5D277DAF9600BBAC88 /* Products */ = {
			isa = PBXGroup;
			children = (
				309C9C5C277DAF9600BBAC88 /* TrueDatabase.app */,
			);
			name = Products;
			sourceTree = "<group>";
		};
		309C9C5E277DAF9600BBAC88 /* TrueDatabase */ = {
			isa = PBXGroup;
			children = (
				309C9C6D277DB3B400BBAC88 /* GoogleService-Info.plist */,
				309C9C5F277DAF9600BBAC88 /* TrueDatabaseApp.swift */,
				309C9C61277DAF9600BBAC88 /* ContentView.swift */,
				309C9C88277DBB4000BBAC88 /* Utils */,
				309C9C84277DB70C00BBAC88 /* Model */,
				309C9C87277DB72E00BBAC88 /* View */,
				309C9C85277DB71700BBAC88 /* ViewModel */,
				309C9C63277DAF9900BBAC88 /* Assets.xcassets */,
				309C9C65277DAF9900BBAC88 /* Preview Content */,
			);
			path = TrueDatabase;
			sourceTree = "<group>";
		};
		309C9C65277DAF9900BBAC88 /* Preview Content */ = {
			isa = PBXGroup;
			children = (
				309C9C66277DAF9900BBAC88 /* Preview Assets.xcassets */,
			);
			path = "Preview Content";
			sourceTree = "<group>";
		};
		309C9C84277DB70C00BBAC88 /* Model */ = {
			isa = PBXGroup;
			children = (
				309C9C96277DCCFB00BBAC88 /* Collection.swift */,
				309C9C7A277DB4F400BBAC88 /* Book.swift */,
			);
			path = Model;
			sourceTree = "<group>";
		};
		309C9C85277DB71700BBAC88 /* ViewModel */ = {
			isa = PBXGroup;
			children = (
				305BF49B277DD6EA00F8B91E /* Collection */,
				309C9C86277DB72200BBAC88 /* Book */,
			);
			path = ViewModel;
			sourceTree = "<group>";
		};
		309C9C86277DB72200BBAC88 /* Book */ = {
			isa = PBXGroup;
			children = (
				309C9C7E277DB5D600BBAC88 /* BooksViewModel.swift */,
				309C9C80277DB63800BBAC88 /* BookViewModel.swift */,
			);
			path = Book;
			sourceTree = "<group>";
		};
		309C9C87277DB72E00BBAC88 /* View */ = {
			isa = PBXGroup;
			children = (
				309C9CA7277DD39D00BBAC88 /* Collection */,
				309C9C98277DCD9500BBAC88 /* Book */,
			);
			path = View;
			sourceTree = "<group>";
		};
		309C9C88277DBB4000BBAC88 /* Utils */ = {
			isa = PBXGroup;
			children = (
				30FD1737277DF00400EA2734 /* ImagePickers */,
				30FD172E277DE5D300EA2734 /* CustomTextField.swift */,
			);
			path = Utils;
			sourceTree = "<group>";
		};
		309C9C98277DCD9500BBAC88 /* Book */ = {
			isa = PBXGroup;
			children = (
				309C9C7C277DB5C100BBAC88 /* BookListView.swift */,
				309C9C82277DB6C600BBAC88 /* BookEditView.swift */,
			);
			path = Book;
			sourceTree = "<group>";
		};
		309C9CA7277DD39D00BBAC88 /* Collection */ = {
			isa = PBXGroup;
			children = (
				309C9CA5277DD38D00BBAC88 /* CollectionListView.swift */,
				30FD172A277DE47400EA2734 /* CollectionListCell.swift */,
				309C9CA8277DD3CB00BBAC88 /* CollectionEditView.swift */,
				30FD172C277DE52400EA2734 /* CollectionUpdateView.swift */,
			);
			path = Collection;
			sourceTree = "<group>";
		};
		30FD1730277DEFEF00EA2734 /* Multi */ = {
			isa = PBXGroup;
			children = (
				30FD1731277DEFEF00EA2734 /* Identifiable_UIImage.swift */,
				30FD1732277DEFEF00EA2734 /* MultipleImagePicker.swift */,
				30FD1733277DEFEF00EA2734 /* CustomMultiImagePickerWindow.swift */,
			);
			path = Multi;
			sourceTree = "<group>";
		};
		30FD1737277DF00400EA2734 /* ImagePickers */ = {
			isa = PBXGroup;
			children = (
				309C9C89277DBB4B00BBAC88 /* ImagePicker.swift */,
				30FD1730277DEFEF00EA2734 /* Multi */,
			);
			path = ImagePickers;
			sourceTree = "<group>";
		};
/* End PBXGroup section */

/* Begin PBXNativeTarget section */
		309C9C5B277DAF9600BBAC88 /* TrueDatabase */ = {
			isa = PBXNativeTarget;
			buildConfigurationList = 309C9C6A277DAF9900BBAC88 /* Build configuration list for PBXNativeTarget "TrueDatabase" */;
			buildPhases = (
				309C9C58277DAF9600BBAC88 /* Sources */,
				309C9C59277DAF9600BBAC88 /* Frameworks */,
				309C9C5A277DAF9600BBAC88 /* Resources */,
			);
			buildRules = (
			);
			dependencies = (
			);
			name = TrueDatabase;
			packageProductDependencies = (
				309C9C70277DB43F00BBAC88 /* FirebaseAuth */,
				309C9C72277DB43F00BBAC88 /* FirebaseFirestore */,
				309C9C74277DB43F00BBAC88 /* FirebaseFirestoreSwift-Beta */,
				309C9C76277DB43F00BBAC88 /* FirebaseFunctions */,
				309C9C78277DB43F00BBAC88 /* FirebaseStorage */,
				309C9CA3277DCE2300BBAC88 /* Kingfisher */,
			);
			productName = TrueDatabase;
			productReference = 309C9C5C277DAF9600BBAC88 /* TrueDatabase.app */;
			productType = "com.apple.product-type.application";
		};
/* End PBXNativeTarget section */

/* Begin PBXProject section */
		309C9C54277DAF9600BBAC88 /* Project object */ = {
			isa = PBXProject;
			attributes = {
				BuildIndependentTargetsInParallel = 1;
				LastSwiftUpdateCheck = 1310;
				LastUpgradeCheck = 1310;
				TargetAttributes = {
					309C9C5B277DAF9600BBAC88 = {
						CreatedOnToolsVersion = 13.1;
					};
				};
			};
			buildConfigurationList = 309C9C57277DAF9600BBAC88 /* Build configuration list for PBXProject "TrueDatabase" */;
			compatibilityVersion = "Xcode 13.0";
			developmentRegion = en;
			hasScannedForEncodings = 0;
			knownRegions = (
				en,
				Base,
			);
			mainGroup = 309C9C53277DAF9600BBAC88;
			packageReferences = (
				309C9C6F277DB43F00BBAC88 /* XCRemoteSwiftPackageReference "firebase-ios-sdk" */,
				309C9CA2277DCE2300BBAC88 /* XCRemoteSwiftPackageReference "Kingfisher" */,
			);
			productRefGroup = 309C9C5D277DAF9600BBAC88 /* Products */;
			projectDirPath = "";
			projectRoot = "";
			targets = (
				309C9C5B277DAF9600BBAC88 /* TrueDatabase */,
			);
		};
/* End PBXProject section */

/* Begin PBXResourcesBuildPhase section */
		309C9C5A277DAF9600BBAC88 /* Resources */ = {
			isa = PBXResourcesBuildPhase;
			buildActionMask = 2147483647;
			files = (
				309C9C67277DAF9900BBAC88 /* Preview Assets.xcassets in Resources */,
				309C9C6E277DB3B500BBAC88 /* GoogleService-Info.plist in Resources */,
				309C9C64277DAF9900BBAC88 /* Assets.xcassets in Resources */,
			);
			runOnlyForDeploymentPostprocessing = 0;
		};
/* End PBXResourcesBuildPhase section */

/* Begin PBXSourcesBuildPhase section */
		309C9C58277DAF9600BBAC88 /* Sources */ = {
			isa = PBXSourcesBuildPhase;
			buildActionMask = 2147483647;
			files = (
				305BF49D277DD70700F8B91E /* CollectionsViewModel.swift in Sources */,
				309C9CA9277DD3CB00BBAC88 /* CollectionEditView.swift in Sources */,
				305BF49F277DD75A00F8B91E /* CollectionViewModel.swift in Sources */,
				309C9C62277DAF9600BBAC88 /* ContentView.swift in Sources */,
				30FD172F277DE5D400EA2734 /* CustomTextField.swift in Sources */,
				309C9C83277DB6C600BBAC88 /* BookEditView.swift in Sources */,
				309C9C60277DAF9600BBAC88 /* TrueDatabaseApp.swift in Sources */,
				309C9C7B277DB4F400BBAC88 /* Book.swift in Sources */,
				309C9C97277DCCFC00BBAC88 /* Collection.swift in Sources */,
				309C9C7F277DB5D600BBAC88 /* BooksViewModel.swift in Sources */,
				30FD172D277DE52400EA2734 /* CollectionUpdateView.swift in Sources */,
				30FD1735277DEFEF00EA2734 /* MultipleImagePicker.swift in Sources */,
				309C9CA6277DD38D00BBAC88 /* CollectionListView.swift in Sources */,
				30FD1734277DEFEF00EA2734 /* Identifiable_UIImage.swift in Sources */,
				309C9C8A277DBB4B00BBAC88 /* ImagePicker.swift in Sources */,
				309C9C7D277DB5C200BBAC88 /* BookListView.swift in Sources */,
				309C9C81277DB63800BBAC88 /* BookViewModel.swift in Sources */,
				30FD1736277DEFEF00EA2734 /* CustomMultiImagePickerWindow.swift in Sources */,
				30FD172B277DE47400EA2734 /* CollectionListCell.swift in Sources */,
			);
			runOnlyForDeploymentPostprocessing = 0;
		};
/* End PBXSourcesBuildPhase section */

/* Begin XCBuildConfiguration section */
		309C9C68277DAF9900BBAC88 /* Debug */ = {
			isa = XCBuildConfiguration;
			buildSettings = {
				ALWAYS_SEARCH_USER_PATHS = NO;
				CLANG_ANALYZER_NONNULL = YES;
				CLANG_ANALYZER_NUMBER_OBJECT_CONVERSION = YES_AGGRESSIVE;
				CLANG_CXX_LANGUAGE_STANDARD = "gnu++17";
				CLANG_CXX_LIBRARY = "libc++";
				CLANG_ENABLE_MODULES = YES;
				CLANG_ENABLE_OBJC_ARC = YES;
				CLANG_ENABLE_OBJC_WEAK = YES;
				CLANG_WARN_BLOCK_CAPTURE_AUTORELEASING = YES;
				CLANG_WARN_BOOL_CONVERSION = YES;
				CLANG_WARN_COMMA = YES;
				CLANG_WARN_CONSTANT_CONVERSION = YES;
				CLANG_WARN_DEPRECATED_OBJC_IMPLEMENTATIONS = YES;
				CLANG_WARN_DIRECT_OBJC_ISA_USAGE = YES_ERROR;
				CLANG_WARN_DOCUMENTATION_COMMENTS = YES;
				CLANG_WARN_EMPTY_BODY = YES;
				CLANG_WARN_ENUM_CONVERSION = YES;
				CLANG_WARN_INFINITE_RECURSION = YES;
				CLANG_WARN_INT_CONVERSION = YES;
				CLANG_WARN_NON_LITERAL_NULL_CONVERSION = YES;
				CLANG_WARN_OBJC_IMPLICIT_RETAIN_SELF = YES;
				CLANG_WARN_OBJC_LITERAL_CONVERSION = YES;
				CLANG_WARN_OBJC_ROOT_CLASS = YES_ERROR;
				CLANG_WARN_QUOTED_INCLUDE_IN_FRAMEWORK_HEADER = YES;
				CLANG_WARN_RANGE_LOOP_ANALYSIS = YES;
				CLANG_WARN_STRICT_PROTOTYPES = YES;
				CLANG_WARN_SUSPICIOUS_MOVE = YES;
				CLANG_WARN_UNGUARDED_AVAILABILITY = YES_AGGRESSIVE;
				CLANG_WARN_UNREACHABLE_CODE = YES;
				CLANG_WARN__DUPLICATE_METHOD_MATCH = YES;
				COPY_PHASE_STRIP = NO;
				DEBUG_INFORMATION_FORMAT = dwarf;
				ENABLE_STRICT_OBJC_MSGSEND = YES;
				ENABLE_TESTABILITY = YES;
				GCC_C_LANGUAGE_STANDARD = gnu11;
				GCC_DYNAMIC_NO_PIC = NO;
				GCC_NO_COMMON_BLOCKS = YES;
				GCC_OPTIMIZATION_LEVEL = 0;
				GCC_PREPROCESSOR_DEFINITIONS = (
					"DEBUG=1",
					"$(inherited)",
				);
				GCC_WARN_64_TO_32_BIT_CONVERSION = YES;
				GCC_WARN_ABOUT_RETURN_TYPE = YES_ERROR;
				GCC_WARN_UNDECLARED_SELECTOR = YES;
				GCC_WARN_UNINITIALIZED_AUTOS = YES_AGGRESSIVE;
				GCC_WARN_UNUSED_FUNCTION = YES;
				GCC_WARN_UNUSED_VARIABLE = YES;
				IPHONEOS_DEPLOYMENT_TARGET = 15.0;
				MTL_ENABLE_DEBUG_INFO = INCLUDE_SOURCE;
				MTL_FAST_MATH = YES;
				ONLY_ACTIVE_ARCH = YES;
				SDKROOT = iphoneos;
				SWIFT_ACTIVE_COMPILATION_CONDITIONS = DEBUG;
				SWIFT_OPTIMIZATION_LEVEL = "-Onone";
			};
			name = Debug;
		};
		309C9C69277DAF9900BBAC88 /* Release */ = {
			isa = XCBuildConfiguration;
			buildSettings = {
				ALWAYS_SEARCH_USER_PATHS = NO;
				CLANG_ANALYZER_NONNULL = YES;
				CLANG_ANALYZER_NUMBER_OBJECT_CONVERSION = YES_AGGRESSIVE;
				CLANG_CXX_LANGUAGE_STANDARD = "gnu++17";
				CLANG_CXX_LIBRARY = "libc++";
				CLANG_ENABLE_MODULES = YES;
				CLANG_ENABLE_OBJC_ARC = YES;
				CLANG_ENABLE_OBJC_WEAK = YES;
				CLANG_WARN_BLOCK_CAPTURE_AUTORELEASING = YES;
				CLANG_WARN_BOOL_CONVERSION = YES;
				CLANG_WARN_COMMA = YES;
				CLANG_WARN_CONSTANT_CONVERSION = YES;
				CLANG_WARN_DEPRECATED_OBJC_IMPLEMENTATIONS = YES;
				CLANG_WARN_DIRECT_OBJC_ISA_USAGE = YES_ERROR;
				CLANG_WARN_DOCUMENTATION_COMMENTS = YES;
				CLANG_WARN_EMPTY_BODY = YES;
				CLANG_WARN_ENUM_CONVERSION = YES;
				CLANG_WARN_INFINITE_RECURSION = YES;
				CLANG_WARN_INT_CONVERSION = YES;
				CLANG_WARN_NON_LITERAL_NULL_CONVERSION = YES;
				CLANG_WARN_OBJC_IMPLICIT_RETAIN_SELF = YES;
				CLANG_WARN_OBJC_LITERAL_CONVERSION = YES;
				CLANG_WARN_OBJC_ROOT_CLASS = YES_ERROR;
				CLANG_WARN_QUOTED_INCLUDE_IN_FRAMEWORK_HEADER = YES;
				CLANG_WARN_RANGE_LOOP_ANALYSIS = YES;
				CLANG_WARN_STRICT_PROTOTYPES = YES;
				CLANG_WARN_SUSPICIOUS_MOVE = YES;
				CLANG_WARN_UNGUARDED_AVAILABILITY = YES_AGGRESSIVE;
				CLANG_WARN_UNREACHABLE_CODE = YES;
				CLANG_WARN__DUPLICATE_METHOD_MATCH = YES;
				COPY_PHASE_STRIP = NO;
				DEBUG_INFORMATION_FORMAT = "dwarf-with-dsym";
				ENABLE_NS_ASSERTIONS = NO;
				ENABLE_STRICT_OBJC_MSGSEND = YES;
				GCC_C_LANGUAGE_STANDARD = gnu11;
				GCC_NO_COMMON_BLOCKS = YES;
				GCC_WARN_64_TO_32_BIT_CONVERSION = YES;
				GCC_WARN_ABOUT_RETURN_TYPE = YES_ERROR;
				GCC_WARN_UNDECLARED_SELECTOR = YES;
				GCC_WARN_UNINITIALIZED_AUTOS = YES_AGGRESSIVE;
				GCC_WARN_UNUSED_FUNCTION = YES;
				GCC_WARN_UNUSED_VARIABLE = YES;
				IPHONEOS_DEPLOYMENT_TARGET = 15.0;
				MTL_ENABLE_DEBUG_INFO = NO;
				MTL_FAST_MATH = YES;
				SDKROOT = iphoneos;
				SWIFT_COMPILATION_MODE = wholemodule;
				SWIFT_OPTIMIZATION_LEVEL = "-O";
				VALIDATE_PRODUCT = YES;
			};
			name = Release;
		};
		309C9C6B277DAF9900BBAC88 /* Debug */ = {
			isa = XCBuildConfiguration;
			buildSettings = {
				ASSETCATALOG_COMPILER_APPICON_NAME = AppIcon;
				ASSETCATALOG_COMPILER_GLOBAL_ACCENT_COLOR_NAME = AccentColor;
				CODE_SIGN_STYLE = Automatic;
				CURRENT_PROJECT_VERSION = 1;
				DEVELOPMENT_ASSET_PATHS = "\"TrueDatabase/Preview Content\"";
				DEVELOPMENT_TEAM = SNW84Q39QZ;
				ENABLE_PREVIEWS = YES;
				GENERATE_INFOPLIST_FILE = YES;
				INFOPLIST_KEY_UIApplicationSceneManifest_Generation = YES;
				INFOPLIST_KEY_UIApplicationSupportsIndirectInputEvents = YES;
				INFOPLIST_KEY_UILaunchScreen_Generation = YES;
				INFOPLIST_KEY_UISupportedInterfaceOrientations_iPad = "UIInterfaceOrientationPortrait UIInterfaceOrientationPortraitUpsideDown UIInterfaceOrientationLandscapeLeft UIInterfaceOrientationLandscapeRight";
				INFOPLIST_KEY_UISupportedInterfaceOrientations_iPhone = "UIInterfaceOrientationPortrait UIInterfaceOrientationLandscapeLeft UIInterfaceOrientationLandscapeRight";
				LD_RUNPATH_SEARCH_PATHS = (
					"$(inherited)",
					"@executable_path/Frameworks",
				);
				MARKETING_VERSION = 1.0;
				PRODUCT_BUNDLE_IDENTIFIER = com.dhuntleyinc.TrueDatabase;
				PRODUCT_NAME = "$(TARGET_NAME)";
				SWIFT_EMIT_LOC_STRINGS = YES;
				SWIFT_VERSION = 5.0;
				TARGETED_DEVICE_FAMILY = "1,2";
			};
			name = Debug;
		};
		309C9C6C277DAF9900BBAC88 /* Release */ = {
			isa = XCBuildConfiguration;
			buildSettings = {
				ASSETCATALOG_COMPILER_APPICON_NAME = AppIcon;
				ASSETCATALOG_COMPILER_GLOBAL_ACCENT_COLOR_NAME = AccentColor;
				CODE_SIGN_STYLE = Automatic;
				CURRENT_PROJECT_VERSION = 1;
				DEVELOPMENT_ASSET_PATHS = "\"TrueDatabase/Preview Content\"";
				DEVELOPMENT_TEAM = SNW84Q39QZ;
				ENABLE_PREVIEWS = YES;
				GENERATE_INFOPLIST_FILE = YES;
				INFOPLIST_KEY_UIApplicationSceneManifest_Generation = YES;
				INFOPLIST_KEY_UIApplicationSupportsIndirectInputEvents = YES;
				INFOPLIST_KEY_UILaunchScreen_Generation = YES;
				INFOPLIST_KEY_UISupportedInterfaceOrientations_iPad = "UIInterfaceOrientationPortrait UIInterfaceOrientationPortraitUpsideDown UIInterfaceOrientationLandscapeLeft UIInterfaceOrientationLandscapeRight";
				INFOPLIST_KEY_UISupportedInterfaceOrientations_iPhone = "UIInterfaceOrientationPortrait UIInterfaceOrientationLandscapeLeft UIInterfaceOrientationLandscapeRight";
				LD_RUNPATH_SEARCH_PATHS = (
					"$(inherited)",
					"@executable_path/Frameworks",
				);
				MARKETING_VERSION = 1.0;
				PRODUCT_BUNDLE_IDENTIFIER = com.dhuntleyinc.TrueDatabase;
				PRODUCT_NAME = "$(TARGET_NAME)";
				SWIFT_EMIT_LOC_STRINGS = YES;
				SWIFT_VERSION = 5.0;
				TARGETED_DEVICE_FAMILY = "1,2";
			};
			name = Release;
		};
/* End XCBuildConfiguration section */

/* Begin XCConfigurationList section */
		309C9C57277DAF9600BBAC88 /* Build configuration list for PBXProject "TrueDatabase" */ = {
			isa = XCConfigurationList;
			buildConfigurations = (
				309C9C68277DAF9900BBAC88 /* Debug */,
				309C9C69277DAF9900BBAC88 /* Release */,
			);
			defaultConfigurationIsVisible = 0;
			defaultConfigurationName = Release;
		};
		309C9C6A277DAF9900BBAC88 /* Build configuration list for PBXNativeTarget "TrueDatabase" */ = {
			isa = XCConfigurationList;
			buildConfigurations = (
				309C9C6B277DAF9900BBAC88 /* Debug */,
				309C9C6C277DAF9900BBAC88 /* Release */,
			);
			defaultConfigurationIsVisible = 0;
			defaultConfigurationName = Release;
		};
/* End XCConfigurationList section */

/* Begin XCRemoteSwiftPackageReference section */
		309C9C6F277DB43F00BBAC88 /* XCRemoteSwiftPackageReference "firebase-ios-sdk" */ = {
			isa = XCRemoteSwiftPackageReference;
			repositoryURL = "https://github.com/firebase/firebase-ios-sdk";
			requirement = {
				kind = upToNextMajorVersion;
				minimumVersion = 8.0.0;
			};
		};
		309C9CA2277DCE2300BBAC88 /* XCRemoteSwiftPackageReference "Kingfisher" */ = {
			isa = XCRemoteSwiftPackageReference;
			repositoryURL = "https://github.com/onevcat/Kingfisher.git";
			requirement = {
				branch = master;
				kind = branch;
			};
		};
/* End XCRemoteSwiftPackageReference section */

/* Begin XCSwiftPackageProductDependency section */
		309C9C70277DB43F00BBAC88 /* FirebaseAuth */ = {
			isa = XCSwiftPackageProductDependency;
			package = 309C9C6F277DB43F00BBAC88 /* XCRemoteSwiftPackageReference "firebase-ios-sdk" */;
			productName = FirebaseAuth;
		};
		309C9C72277DB43F00BBAC88 /* FirebaseFirestore */ = {
			isa = XCSwiftPackageProductDependency;
			package = 309C9C6F277DB43F00BBAC88 /* XCRemoteSwiftPackageReference "firebase-ios-sdk" */;
			productName = FirebaseFirestore;
		};
		309C9C74277DB43F00BBAC88 /* FirebaseFirestoreSwift-Beta */ = {
			isa = XCSwiftPackageProductDependency;
			package = 309C9C6F277DB43F00BBAC88 /* XCRemoteSwiftPackageReference "firebase-ios-sdk" */;
			productName = "FirebaseFirestoreSwift-Beta";
		};
		309C9C76277DB43F00BBAC88 /* FirebaseFunctions */ = {
			isa = XCSwiftPackageProductDependency;
			package = 309C9C6F277DB43F00BBAC88 /* XCRemoteSwiftPackageReference "firebase-ios-sdk" */;
			productName = FirebaseFunctions;
		};
		309C9C78277DB43F00BBAC88 /* FirebaseStorage */ = {
			isa = XCSwiftPackageProductDependency;
			package = 309C9C6F277DB43F00BBAC88 /* XCRemoteSwiftPackageReference "firebase-ios-sdk" */;
			productName = FirebaseStorage;
		};
		309C9CA3277DCE2300BBAC88 /* Kingfisher */ = {
			isa = XCSwiftPackageProductDependency;
			package = 309C9CA2277DCE2300BBAC88 /* XCRemoteSwiftPackageReference "Kingfisher" */;
			productName = Kingfisher;
		};
/* End XCSwiftPackageProductDependency section */
	};
	rootObject = 309C9C54277DAF9600BBAC88 /* Project object */;
}
